
Microsoft Visual Studio Solution File, Format Version 12.00
# Visual Studio Version 17
VisualStudioVersion = 17.14.36327.8 d17.14
MinimumVisualStudioVersion = 10.0.40219.1
Project("{FAE04EC0-301F-11D3-BF4B-00C04F79EFBC}") = "HelloWorld-MAUI", "HelloWorld-MAUI\HelloWorld-MAUI.csproj", "{D33D2EC0-936B-47AD-8294-61F0627BE693}"
EndProject
Global
	GlobalSection(SolutionConfigurationPlatforms) = preSolution
		Debug|Any CPU = Debug|Any CPU
		Release|Any CPU = Release|Any CPU
	EndGlobalSection
	GlobalSection(ProjectConfigurationPlatforms) = postSolution
		{D33D2EC0-936B-47AD-8294-61F0627BE693}.Debug|Any CPU.ActiveCfg = Debug|Any CPU
		{D33D2EC0-936B-47AD-8294-61F0627BE693}.Debug|Any CPU.Build.0 = Debug|Any CPU
		{D33D2EC0-936B-47AD-8294-61F0627BE693}.Debug|Any CPU.Deploy.0 = Debug|Any CPU
		{D33D2EC0-936B-47AD-8294-61F0627BE693}.Release|Any CPU.ActiveCfg = Release|Any CPU
		{D33D2EC0-936B-47AD-8294-61F0627BE693}.Release|Any CPU.Build.0 = Release|Any CPU
		{D33D2EC0-936B-47AD-8294-61F0627BE693}.Release|Any CPU.Deploy.0 = Release|Any CPU
	EndGlobalSection
	GlobalSection(SolutionProperties) = preSolution
		HideSolutionNode = FALSE
	EndGlobalSection
	GlobalSection(ExtensibilityGlobals) = postSolution
		SolutionGuid = {27A019EE-2D7A-48BB-9BA3-40F8B03E07E3}
	EndGlobalSection
EndGlobal
