
Microsoft Visual Studio Solution File, Format Version 12.00
# Visual Studio Version 17
VisualStudioVersion = 17.14.36327.8 d17.14
MinimumVisualStudioVersion = 10.0.40219.1
Project("{FAE04EC0-301F-11D3-BF4B-00C04F79EFBC}") = "P_AppMobile", "P_AppMobile.csproj", "{74E7968E-6E5F-4169-B8C2-442CC8E852CA}"
EndProject
Global
	GlobalSection(SolutionConfigurationPlatforms) = preSolution
		Debug|Any CPU = Debug|Any CPU
		Release|Any CPU = Release|Any CPU
	EndGlobalSection
	GlobalSection(ProjectConfigurationPlatforms) = postSolution
		{74E7968E-6E5F-4169-B8C2-442CC8E852CA}.Debug|Any CPU.ActiveCfg = Debug|Any CPU
		{74E7968E-6E5F-4169-B8C2-442CC8E852CA}.Debug|Any CPU.Build.0 = Debug|Any CPU
		{74E7968E-6E5F-4169-B8C2-442CC8E852CA}.Debug|Any CPU.Deploy.0 = Debug|Any CPU
		{74E7968E-6E5F-4169-B8C2-442CC8E852CA}.Release|Any CPU.ActiveCfg = Release|Any CPU
		{74E7968E-6E5F-4169-B8C2-442CC8E852CA}.Release|Any CPU.Build.0 = Release|Any CPU
		{74E7968E-6E5F-4169-B8C2-442CC8E852CA}.Release|Any CPU.Deploy.0 = Release|Any CPU
	EndGlobalSection
	GlobalSection(SolutionProperties) = preSolution
		HideSolutionNode = FALSE
	EndGlobalSection
	GlobalSection(ExtensibilityGlobals) = postSolution
		SolutionGuid = {7410D289-628F-415C-862B-52F5440AE89C}
	EndGlobalSection
EndGlobal
